
Microsoft Visual Studio Solution File, Format Version 11.00
# Visual Studio 2010
Project("{F184B08F-C81C-45F6-A57F-5ABD9991F28F}") = "COWARE", "COWARE\COWARE.vbproj", "{66C87F00-63FB-4C6B-A6E2-B2C756E54CA3}"
EndProject
Global
	GlobalSection(SolutionConfigurationPlatforms) = preSolution
		Debug|x86 = Debug|x86
		Release|x86 = Release|x86
	EndGlobalSection
	GlobalSection(ProjectConfigurationPlatforms) = postSolution
		{66C87F00-63FB-4C6B-A6E2-B2C756E54CA3}.Debug|x86.ActiveCfg = Debug|x86
		{66C87F00-63FB-4C6B-A6E2-B2C756E54CA3}.Debug|x86.Build.0 = Debug|x86
		{66C87F00-63FB-4C6B-A6E2-B2C756E54CA3}.Release|x86.ActiveCfg = Release|x86
		{66C87F00-63FB-4C6B-A6E2-B2C756E54CA3}.Release|x86.Build.0 = Release|x86
	EndGlobalSection
	GlobalSection(SolutionProperties) = preSolution
		HideSolutionNode = FALSE
	EndGlobalSection
EndGlobal
